
Microsoft Visual Studio Solution File, Format Version 11.00
# Visual Studio 2010
# SharpDevelop 4.4
Project("{F184B08F-C81C-45F6-A57F-5ABD9991F28F}") = "mpNumerix2", "mpNumerix2\mpNumerix2.vbproj", "{2816F6DE-73FE-4245-8EDE-85F3CBD14BEC}"
EndProject
Project("{F184B08F-C81C-45F6-A57F-5ABD9991F28F}") = "Tests_VB", "TestmpNumerix2\Tests_VB.vbproj", "{C43C2D34-AB1E-4B60-857A-DD4D4A5E709A}"
EndProject
Project("{FAE04EC0-301F-11D3-BF4B-00C04F79EFBC}") = "Tests_CSharp", "TestmpNumerix2a\Tests_CSharp.csproj", "{F81EA779-BD7E-4307-BBD9-891E1F243736}"
EndProject
Project("{FD48973F-F585-4F70-812B-4D0503B36CE9}") = "Tests_Python", "TestmpNumerics2b\Tests_Python.pyproj", "{D0971C59-C1D5-4661-95E3-0BA58CE7AF8E}"
EndProject
Global
	GlobalSection(SolutionConfigurationPlatforms) = preSolution
		Debug|Any CPU = Debug|Any CPU
		Release|Any CPU = Release|Any CPU
		Debug|x86 = Debug|x86
		Release|x86 = Release|x86
	EndGlobalSection
	GlobalSection(ProjectConfigurationPlatforms) = postSolution
		{2816F6DE-73FE-4245-8EDE-85F3CBD14BEC}.Debug|Any CPU.Build.0 = Debug|Any CPU
		{2816F6DE-73FE-4245-8EDE-85F3CBD14BEC}.Debug|Any CPU.ActiveCfg = Debug|Any CPU
		{2816F6DE-73FE-4245-8EDE-85F3CBD14BEC}.Release|Any CPU.Build.0 = Release|Any CPU
		{2816F6DE-73FE-4245-8EDE-85F3CBD14BEC}.Release|Any CPU.ActiveCfg = Release|Any CPU
		{2816F6DE-73FE-4245-8EDE-85F3CBD14BEC}.Debug|x86.Build.0 = Debug|x86
		{2816F6DE-73FE-4245-8EDE-85F3CBD14BEC}.Debug|x86.ActiveCfg = Debug|x86
		{2816F6DE-73FE-4245-8EDE-85F3CBD14BEC}.Release|x86.Build.0 = Release|x86
		{2816F6DE-73FE-4245-8EDE-85F3CBD14BEC}.Release|x86.ActiveCfg = Release|x86
		{C43C2D34-AB1E-4B60-857A-DD4D4A5E709A}.Debug|Any CPU.Build.0 = Debug|Any CPU
		{C43C2D34-AB1E-4B60-857A-DD4D4A5E709A}.Debug|Any CPU.ActiveCfg = Debug|Any CPU
		{C43C2D34-AB1E-4B60-857A-DD4D4A5E709A}.Debug|x86.Build.0 = Debug|Any CPU
		{C43C2D34-AB1E-4B60-857A-DD4D4A5E709A}.Debug|x86.ActiveCfg = Debug|Any CPU
		{C43C2D34-AB1E-4B60-857A-DD4D4A5E709A}.Release|Any CPU.Build.0 = Release|Any CPU
		{C43C2D34-AB1E-4B60-857A-DD4D4A5E709A}.Release|Any CPU.ActiveCfg = Release|Any CPU
		{C43C2D34-AB1E-4B60-857A-DD4D4A5E709A}.Release|x86.Build.0 = Release|Any CPU
		{C43C2D34-AB1E-4B60-857A-DD4D4A5E709A}.Release|x86.ActiveCfg = Release|Any CPU
		{F81EA779-BD7E-4307-BBD9-891E1F243736}.Debug|Any CPU.Build.0 = Debug|Any CPU
		{F81EA779-BD7E-4307-BBD9-891E1F243736}.Debug|Any CPU.ActiveCfg = Debug|Any CPU
		{F81EA779-BD7E-4307-BBD9-891E1F243736}.Debug|x86.Build.0 = Debug|Any CPU
		{F81EA779-BD7E-4307-BBD9-891E1F243736}.Debug|x86.ActiveCfg = Debug|Any CPU
		{F81EA779-BD7E-4307-BBD9-891E1F243736}.Release|Any CPU.Build.0 = Release|Any CPU
		{F81EA779-BD7E-4307-BBD9-891E1F243736}.Release|Any CPU.ActiveCfg = Release|Any CPU
		{F81EA779-BD7E-4307-BBD9-891E1F243736}.Release|x86.Build.0 = Release|Any CPU
		{F81EA779-BD7E-4307-BBD9-891E1F243736}.Release|x86.ActiveCfg = Release|Any CPU
		{D0971C59-C1D5-4661-95E3-0BA58CE7AF8E}.Debug|Any CPU.Build.0 = Debug|Any CPU
		{D0971C59-C1D5-4661-95E3-0BA58CE7AF8E}.Debug|Any CPU.ActiveCfg = Debug|Any CPU
		{D0971C59-C1D5-4661-95E3-0BA58CE7AF8E}.Debug|x86.Build.0 = Debug|Any CPU
		{D0971C59-C1D5-4661-95E3-0BA58CE7AF8E}.Debug|x86.ActiveCfg = Debug|Any CPU
		{D0971C59-C1D5-4661-95E3-0BA58CE7AF8E}.Release|Any CPU.Build.0 = Release|Any CPU
		{D0971C59-C1D5-4661-95E3-0BA58CE7AF8E}.Release|Any CPU.ActiveCfg = Release|Any CPU
		{D0971C59-C1D5-4661-95E3-0BA58CE7AF8E}.Release|x86.Build.0 = Release|Any CPU
		{D0971C59-C1D5-4661-95E3-0BA58CE7AF8E}.Release|x86.ActiveCfg = Release|Any CPU
	EndGlobalSection
EndGlobal
