<?xml version="1.0" encoding="UTF-8" standalone="yes" ?>
<CodeBlocks_project_file>
	<FileVersion major="1" minor="6" />
	<Project>
		<Option title="Make_BoostMath" />
		<Option pch_mode="2" />
		<Option compiler="null" />
		<Build>
			<Target title="LibWin32_LongDouble">
				<Option output="../../../ExternalTools/msys32/local/Win32/lib/BoostMathLongDouble" prefix_auto="1" extension_auto="1" />
				<Option working_dir="" />
				<Option object_output="obj/Release/Win32_Longdouble" />
				<Option type="2" />
				<Option compiler="gnu_gcc_492_compiler_tdm" />
				<Compiler>
					<Add option="-march=pentium4" />
					<Add option="-O2" />
					<Add option="-std=c++11" />
					<Add option="-Wall" />
					<Add option="-Wno-unused-local-typedefs" />
					<Add option="-m32" />
					<Add option="-DUse_LongDouble" />
					<Add directory="../../../ExternalLibraries/Boost" />
					<Add directory="Include" />
				</Compiler>
				<Linker>
					<Add option="-s" />
					<Add option="-m32" />
				</Linker>
			</Target>
			<Target title="LibWin64_LongDouble">
				<Option output="../../../ExternalTools/msys32/local/Win64/lib/BoostMathLongDouble" prefix_auto="1" extension_auto="1" />
				<Option working_dir="" />
				<Option object_output="obj/Release/Win64_Longdouble" />
				<Option type="2" />
				<Option compiler="gnu_gcc_492_compiler_tdm" />
				<Compiler>
					<Add option="-O2" />
					<Add option="-std=c++11" />
					<Add option="-Wall" />
					<Add option="-Wno-unused-local-typedefs" />
					<Add option="-DUse_LongDouble" />
					<Add directory="../../../ExternalLibraries/Boost" />
					<Add directory="Include" />
				</Compiler>
				<Linker>
					<Add option="-s" />
				</Linker>
			</Target>
		</Build>
		<Compiler>
			<Add option="-std=c++11" />
		</Compiler>
		<Unit filename="BoostMathDistributions.cpp" />
		<Unit filename="BoostMathSpecialFunctions.cpp" />
		<Unit filename="Include/libBoostMath.h" />
		<Unit filename="Include/libBoostMath_Internal.h" />
		<Extensions>
			<code_completion />
			<envvars />
			<debugger />
			<lib_finder disable_auto="1" />
		</Extensions>
	</Project>
</CodeBlocks_project_file>
