<?xml version="1.0" encoding="UTF-8" standalone="yes" ?>
<CodeBlocks_project_file>
	<FileVersion major="1" minor="6" />
	<Project>
		<Option title="Make_EigenMath" />
		<Option pch_mode="2" />
		<Option compiler="gnu_gcc_492_compiler_32_bit" />
		<Build>
			<Target title="LibWin32_Float">
				<Option output="../../../ExternalTools/msys32/local/Win32/lib/EigenFloat" prefix_auto="1" extension_auto="1" />
				<Option working_dir="" />
				<Option object_output="obj/Release/Win32_Float" />
				<Option type="2" />
				<Option compiler="gnu_gcc_492_compiler_tdm" />
				<Compiler>
					<Add option="-march=pentium4" />
					<Add option="-O2" />
					<Add option="-std=c++11" />
					<Add option="-Wall" />
					<Add option="-m32" />
					<Add option="-DUse_Float" />
					<Add directory="../../../ExternalLibraries/Eigen" />
					<Add directory="Include" />
				</Compiler>
				<Linker>
					<Add option="-s" />
					<Add option="-m32" />
				</Linker>
			</Target>
			<Target title="LibWin32_Double">
				<Option output="../../../ExternalTools/msys32/local/Win32/lib/EigenDouble" prefix_auto="1" extension_auto="1" />
				<Option working_dir="" />
				<Option object_output="obj/Release/Win32_Double" />
				<Option type="2" />
				<Option compiler="gnu_gcc_492_compiler_tdm" />
				<Compiler>
					<Add option="-march=pentium4" />
					<Add option="-O2" />
					<Add option="-std=c++11" />
					<Add option="-Wall" />
					<Add option="-m32" />
					<Add option="-DUse_Double" />
					<Add directory="../../../ExternalLibraries/Eigen" />
					<Add directory="Include" />
				</Compiler>
				<Linker>
					<Add option="-s" />
					<Add option="-m32" />
				</Linker>
			</Target>
			<Target title="LibWin32_LongDouble">
				<Option output="../../../ExternalTools/msys32/local/Win32/lib/EigenLongDouble" prefix_auto="1" extension_auto="1" />
				<Option working_dir="" />
				<Option object_output="obj/Release/Win32_LongDouble" />
				<Option type="2" />
				<Option compiler="gnu_gcc_492_compiler_tdm" />
				<Compiler>
					<Add option="-march=pentium4" />
					<Add option="-O2" />
					<Add option="-std=c++11" />
					<Add option="-Wall" />
					<Add option="-m32" />
					<Add option="-DUse_LongDouble" />
					<Add directory="../../../ExternalLibraries/Eigen" />
					<Add directory="Include" />
				</Compiler>
				<Linker>
					<Add option="-s" />
					<Add option="-m32" />
				</Linker>
			</Target>
			<Target title="LibWin32_Mpfr">
				<Option output="../../../ExternalTools/msys32/local/Win32/lib/EigenMpfr" prefix_auto="1" extension_auto="1" />
				<Option working_dir="" />
				<Option object_output="obj/Release/Win32_Mpfr" />
				<Option type="2" />
				<Option compiler="gnu_gcc_492_compiler_tdm" />
				<Compiler>
					<Add option="-march=pentium4" />
					<Add option="-Os" />
					<Add option="-std=c++11" />
					<Add option="-Wall" />
					<Add option="-m32" />
					<Add option="-DUse_Mpfr" />
					<Add directory="Include" />
					<Add directory="Include/Win32" />
					<Add directory="../../../ExternalLibraries/Eigen" />
					<Add directory="../../../ExternalTools/msys32/local/Win32/include" />
					<Add directory="../../../ExternalTools/msys32/local/Win32/include/flint" />
				</Compiler>
				<Linker>
					<Add option="-s" />
					<Add option="-m32" />
					<Add directory="../../../ExternalTools/msys32/local/Win32/lib" />
				</Linker>
			</Target>
			<Target title="LibWin32_Mpfi">
				<Option output="../../../ExternalTools/msys32/local/Win32/lib/EigenMpfi" prefix_auto="1" extension_auto="1" />
				<Option working_dir="" />
				<Option object_output="obj/Release/Win32_Mpfi" />
				<Option type="2" />
				<Option compiler="gnu_gcc_492_compiler_tdm" />
				<Compiler>
					<Add option="-march=pentium4" />
					<Add option="-Os" />
					<Add option="-std=c++11" />
					<Add option="-Wall" />
					<Add option="-m32" />
					<Add option="-DUse_Mpfi" />
					<Add directory="../../../ExternalLibraries/Eigen" />
					<Add directory="Include" />
					<Add directory="../../../ExternalTools/msys32/local/Win32/include" />
					<Add directory="Include/Win32" />
					<Add directory="../../../ExternalTools/msys32/local/Win32/include/flint" />
				</Compiler>
				<Linker>
					<Add option="-s" />
					<Add option="-m32" />
				</Linker>
			</Target>
			<Target title="LibWin32_Mpdec">
				<Option output="../../../ExternalTools/msys32/local/Win32/lib/EigenMpdec" prefix_auto="1" extension_auto="1" />
				<Option working_dir="" />
				<Option object_output="obj/Release/Win32_Mpdec" />
				<Option type="2" />
				<Option compiler="gnu_gcc_492_compiler_tdm" />
				<Compiler>
					<Add option="-march=pentium4" />
					<Add option="-Os" />
					<Add option="-std=c++11" />
					<Add option="-Wall" />
					<Add option="-m32" />
					<Add option="-DUse_Mpdec" />
					<Add directory="Include" />
					<Add directory="Include/Win32" />
					<Add directory="../../../ExternalLibraries/Eigen" />
					<Add directory="../../../ExternalTools/msys32/local/Win32/include" />
					<Add directory="../../../ExternalTools/msys32/local/Win32/include/flint" />
				</Compiler>
				<Linker>
					<Add option="-s" />
					<Add option="-m32" />
				</Linker>
			</Target>
			<Target title="LibWin32_Mpq">
				<Option output="../../../ExternalTools/msys32/local/Win32/lib/EigenMpq" prefix_auto="1" extension_auto="1" />
				<Option working_dir="" />
				<Option object_output="obj/Release/Win32_Mpq" />
				<Option type="2" />
				<Option compiler="gnu_gcc_492_compiler_tdm" />
				<Compiler>
					<Add option="-march=pentium4" />
					<Add option="-Os" />
					<Add option="-std=c++11" />
					<Add option="-Wall" />
					<Add option="-m32" />
					<Add option="-DUse_Mpq" />
					<Add directory="../../../ExternalLibraries/Eigen" />
					<Add directory="Include" />
					<Add directory="../../../ExternalTools/msys32/local/Win32/include" />
					<Add directory="Include/Win32" />
					<Add directory="../../../ExternalTools/msys32/local/Win32/include/flint" />
				</Compiler>
				<Linker>
					<Add option="-s" />
					<Add option="-m32" />
				</Linker>
			</Target>
			<Target title="LibWin32_Arb">
				<Option output="../../../ExternalTools/msys32/local/Win32/lib/EigenArb" prefix_auto="1" extension_auto="1" />
				<Option working_dir="" />
				<Option object_output="obj/Release/Win32_Mpfi" />
				<Option type="2" />
				<Option compiler="gnu_gcc_492_compiler_tdm" />
				<Compiler>
					<Add option="-march=pentium4" />
					<Add option="-Os" />
					<Add option="-std=c++11" />
					<Add option="-Wall" />
					<Add option="-m32" />
					<Add option="-DUse_Arb" />
					<Add directory="../../../ExternalLibraries/Eigen" />
					<Add directory="Include" />
					<Add directory="../../../ExternalTools/msys32/local/Win32/include" />
					<Add directory="Include/Win32" />
					<Add directory="../../../ExternalTools/msys32/local/Win32/include/flint" />
				</Compiler>
				<Linker>
					<Add option="-s" />
					<Add option="-m32" />
				</Linker>
			</Target>
			<Target title="LibWin64_Float">
				<Option output="../../../ExternalTools/msys32/local/Win64/lib/EigenFloat" prefix_auto="1" extension_auto="1" />
				<Option working_dir="" />
				<Option object_output="obj/Release/Win64_Float" />
				<Option type="2" />
				<Option compiler="gnu_gcc_492_compiler_tdm" />
				<Compiler>
					<Add option="-O2" />
					<Add option="-std=c++11" />
					<Add option="-Wall" />
					<Add option="-DUse_Float" />
					<Add directory="../../../ExternalLibraries/Eigen" />
					<Add directory="Include" />
				</Compiler>
				<Linker>
					<Add option="-s" />
				</Linker>
			</Target>
			<Target title="LibWin64_Double">
				<Option output="../../../ExternalTools/msys32/local/Win64/lib/EigenDouble" prefix_auto="1" extension_auto="1" />
				<Option working_dir="" />
				<Option object_output="obj/Release/Win64_Double" />
				<Option type="2" />
				<Option compiler="gnu_gcc_492_compiler_tdm" />
				<Compiler>
					<Add option="-O2" />
					<Add option="-std=c++11" />
					<Add option="-Wall" />
					<Add option="-DUse_Double" />
					<Add directory="../../../ExternalLibraries/Eigen" />
					<Add directory="Include" />
				</Compiler>
				<Linker>
					<Add option="-s" />
				</Linker>
			</Target>
			<Target title="LibWin64_LongDouble">
				<Option output="../../../ExternalTools/msys32/local/Win64/lib/EigenLongDouble" prefix_auto="1" extension_auto="1" />
				<Option working_dir="" />
				<Option object_output="obj/Release/Win64_LongDouble" />
				<Option type="2" />
				<Option compiler="gnu_gcc_492_compiler_tdm" />
				<Compiler>
					<Add option="-O2" />
					<Add option="-std=c++11" />
					<Add option="-Wall" />
					<Add option="-DUse_LongDouble" />
					<Add directory="../../../ExternalLibraries/Eigen" />
					<Add directory="Include" />
				</Compiler>
				<Linker>
					<Add option="-s" />
				</Linker>
			</Target>
			<Target title="LibWin64_Mpfr">
				<Option output="../../../ExternalTools/msys32/local/Win64/lib/EigenMpfr" prefix_auto="1" extension_auto="1" />
				<Option working_dir="" />
				<Option object_output="obj/Release/Win64_Mpfr" />
				<Option type="2" />
				<Option compiler="gnu_gcc_492_compiler_tdm" />
				<Compiler>
					<Add option="-Os" />
					<Add option="-std=c++11" />
					<Add option="-Wall" />
					<Add option="-DUse_Mpfr" />
					<Add directory="../../../ExternalLibraries/Eigen" />
					<Add directory="Include" />
					<Add directory="../../../ExternalTools/msys32/local/Win64/include" />
					<Add directory="Include/Win64" />
					<Add directory="../../../ExternalTools/msys32/local/Win64/include/flint" />
				</Compiler>
				<Linker>
					<Add option="-s" />
					<Add directory="../../../ExternalTools/msys32/local/Win32/lib" />
				</Linker>
			</Target>
			<Target title="LibWin64_Mpfi">
				<Option output="../../../ExternalTools/msys32/local/Win64/lib/EigenMpfi" prefix_auto="1" extension_auto="1" />
				<Option working_dir="" />
				<Option object_output="obj/Release/Win64_Mpfi" />
				<Option type="2" />
				<Option compiler="gnu_gcc_492_compiler_tdm" />
				<Compiler>
					<Add option="-Os" />
					<Add option="-std=c++11" />
					<Add option="-Wall" />
					<Add option="-DUse_Mpfi" />
					<Add directory="../../../ExternalLibraries/Eigen" />
					<Add directory="Include" />
					<Add directory="../../../ExternalTools/msys32/local/Win64/include" />
					<Add directory="Include/Win64" />
					<Add directory="../../../ExternalTools/msys32/local/Win64/include/flint" />
				</Compiler>
				<Linker>
					<Add option="-s" />
				</Linker>
			</Target>
			<Target title="LibWin64_Mpdec">
				<Option output="../../../ExternalTools/msys32/local/Win64/lib/EigenMpdec" prefix_auto="1" extension_auto="1" />
				<Option working_dir="" />
				<Option object_output="obj/Release/Win64_Mpdec" />
				<Option type="2" />
				<Option compiler="gnu_gcc_492_compiler_tdm" />
				<Compiler>
					<Add option="-Os" />
					<Add option="-std=c++11" />
					<Add option="-Wall" />
					<Add option="-DUse_Mpdec" />
					<Add directory="Include" />
					<Add directory="Include/Win64" />
					<Add directory="../../../ExternalLibraries/Eigen" />
					<Add directory="../../../ExternalTools/msys32/local/Win64/include" />
					<Add directory="../../../ExternalTools/msys32/local/Win64/include/flint" />
				</Compiler>
				<Linker>
					<Add option="-s" />
				</Linker>
			</Target>
			<Target title="LibWin64_Mpq">
				<Option output="../../../ExternalTools/msys32/local/Win64/lib/EigenMpq" prefix_auto="1" extension_auto="1" />
				<Option working_dir="" />
				<Option object_output="obj/Release/Win64_Mpq" />
				<Option type="2" />
				<Option compiler="gnu_gcc_492_compiler_tdm" />
				<Compiler>
					<Add option="-Os" />
					<Add option="-std=c++11" />
					<Add option="-Wall" />
					<Add option="-DUse_Mpq" />
					<Add directory="../../../ExternalLibraries/Eigen" />
					<Add directory="Include" />
					<Add directory="../../../ExternalTools/msys32/local/Win64/include" />
					<Add directory="Include/Win64" />
					<Add directory="../../../ExternalTools/msys32/local/Win64/include/flint" />
				</Compiler>
				<Linker>
					<Add option="-s" />
				</Linker>
			</Target>
			<Target title="LibWin64_Arb">
				<Option output="../../../ExternalTools/msys32/local/Win64/lib/EigenArb" prefix_auto="1" extension_auto="1" />
				<Option working_dir="" />
				<Option object_output="obj/Release/Win64_Mpfi" />
				<Option type="2" />
				<Option compiler="gnu_gcc_492_compiler_tdm" />
				<Compiler>
					<Add option="-Os" />
					<Add option="-std=c++11" />
					<Add option="-Wall" />
					<Add option="-DUse_Arb" />
					<Add directory="../../../ExternalLibraries/Eigen" />
					<Add directory="Include" />
					<Add directory="../../../ExternalTools/msys32/local/Win64/include" />
					<Add directory="Include/Win64" />
					<Add directory="../../../ExternalTools/msys32/local/Win64/include/flint" />
				</Compiler>
				<Linker>
					<Add option="-s" />
				</Linker>
			</Target>
		</Build>
		<Unit filename="Include/libEigen.h" />
		<Unit filename="Include/mp_Constants.h" />
		<Unit filename="MatrixCplx.cpp" />
		<Unit filename="MatrixCplx_LinAlg.cpp" />
		<Unit filename="MatrixReal.cpp" />
		<Unit filename="MatrixReal_LinAlg.cpp" />
		<Unit filename="mainDLL.cpp">
			<Option target="&lt;{~None~}&gt;" />
		</Unit>
		<Extensions>
			<code_completion />
			<envvars />
			<debugger />
			<lib_finder disable_auto="1" />
		</Extensions>
	</Project>
</CodeBlocks_project_file>
