<?xml version="1.0" encoding="UTF-8" standalone="yes" ?>
<CodeBlocks_project_file>
	<FileVersion major="1" minor="6" />
	<Project>
		<Option title="Testgmpfrxx" />
		<Option pch_mode="2" />
		<Option compiler="gnu_gcc_492_compiler_tdm" />
		<Build>
			<Target title="Win32_Release">
				<Option output="bin/Win32_Release/Testgmpfrxx" prefix_auto="1" extension_auto="1" />
				<Option object_output="obj/Win32_Release/" />
				<Option type="1" />
				<Option compiler="gnu_gcc_492_compiler_tdm" />
				<Compiler>
					<Add option="-O2" />
					<Add option="-std=c++11" />
					<Add option="-m32" />
					<Add directory="../Include" />
					<Add directory="../../../../ExternalTools/msys32/local/Win32/include" />
					<Add directory="../../../../ExternalLibraries/Boost" />
				</Compiler>
				<Linker>
					<Add option="-s" />
					<Add option="-m32" />
					<Add library="libmpfci.a" />
					<Add library="libmpc.a" />
					<Add library="libmpfi.a" />
					<Add library="libmpfr.a" />
					<Add library="libgmp.a" />
					<Add directory="../../../../ExternalTools/msys32/local/Win32/lib" />
				</Linker>
			</Target>
			<Target title="Win64_Release">
				<Option output="bin/Win64_Release/Testgmpfrxx" prefix_auto="1" extension_auto="1" />
				<Option object_output="obj/Win64_Release/" />
				<Option type="1" />
				<Option compiler="gnu_gcc_492_compiler_tdm" />
				<Compiler>
					<Add option="-O2" />
					<Add option="-std=c++11" />
					<Add directory="../Include" />
					<Add directory="../../../../ExternalTools/msys32/local/Win64/include" />
					<Add directory="../../../../ExternalLibraries/Boost" />
				</Compiler>
				<Linker>
					<Add option="-s" />
					<Add library="libmpfci.a" />
					<Add library="libmpc.a" />
					<Add library="libmpfi.a" />
					<Add library="libmpfr.a" />
					<Add library="libgmp.a" />
					<Add directory="../../../../ExternalTools/msys32/local/Win64/lib" />
				</Linker>
			</Target>
		</Build>
		<Compiler>
			<Add option="-Wall" />
		</Compiler>
		<Linker>
			<Add directory="../../../../ExternalTools/msys32/local/Win32/lib" />
		</Linker>
		<Unit filename="../Include/gmpfrxx.cpp" />
		<Unit filename="../Include/gmpfrxx.h" />
		<Unit filename="main.cpp" />
		<Extensions>
			<code_completion />
			<envvars />
			<debugger />
			<lib_finder disable_auto="1" />
		</Extensions>
	</Project>
</CodeBlocks_project_file>
